PODS:
  - AppAuth (1.6.0):
    - AppAuth/Core (= 1.6.0)
    - AppAuth/ExternalUserAgent (= 1.6.0)
  - AppAuth/Core (1.6.0)
  - AppAuth/ExternalUserAgent (1.6.0):
    - AppAuth/Core
  - blue_thermal_printer (0.0.1):
    - Flutter
  - connectivity_plus (0.0.1):
    - Flutter
    - ReachabilitySwift
  - Firebase/Auth (10.3.0):
    - Firebase/CoreOnly
    - FirebaseAuth (~> 10.3.0)
  - Firebase/CoreOnly (10.3.0):
    - FirebaseCore (= 10.3.0)
  - firebase_auth (4.2.10):
    - Firebase/Auth (= 10.3.0)
    - firebase_core
    - Flutter
  - firebase_core (2.7.1):
    - Firebase/CoreOnly (= 10.3.0)
    - Flutter
  - FirebaseAuth (10.3.0):
    - FirebaseCore (~> 10.0)
    - GoogleUtilities/AppDelegateSwizzler (~> 7.8)
    - GoogleUtilities/Environment (~> 7.8)
    - GTMSessionFetcher/Core (< 4.0, >= 2.1)
  - FirebaseCore (10.3.0):
    - FirebaseCoreInternal (~> 10.0)
    - GoogleUtilities/Environment (~> 7.8)
    - GoogleUtilities/Logger (~> 7.8)
  - FirebaseCoreInternal (10.6.0):
    - "GoogleUtilities/NSData+zlib (~> 7.8)"
  - Flutter (1.0.0)
  - flutter_email_sender (0.0.1):
    - Flutter
  - google_sign_in_ios (0.0.1):
    - Flutter
    - GoogleSignIn (~> 6.2)
  - GoogleSignIn (6.2.4):
    - AppAuth (~> 1.5)
    - GTMAppAuth (~> 1.3)
    - GTMSessionFetcher/Core (< 3.0, >= 1.1)
  - GoogleUtilities/AppDelegateSwizzler (7.11.0):
    - GoogleUtilities/Environment
    - GoogleUtilities/Logger
    - GoogleUtilities/Network
  - GoogleUtilities/Environment (7.11.0):
    - PromisesObjC (< 3.0, >= 1.2)
  - GoogleUtilities/Logger (7.11.0):
    - GoogleUtilities/Environment
  - GoogleUtilities/Network (7.11.0):
    - GoogleUtilities/Logger
    - "GoogleUtilities/NSData+zlib"
    - GoogleUtilities/Reachability
  - "GoogleUtilities/NSData+zlib (7.11.0)"
  - GoogleUtilities/Reachability (7.11.0):
    - GoogleUtilities/Logger
  - GTMAppAuth (1.3.1):
    - AppAuth/Core (~> 1.6)
    - GTMSessionFetcher/Core (< 3.0, >= 1.5)
  - GTMSessionFetcher/Core (2.3.0)
  - path_provider_foundation (0.0.1):
    - Flutter
    - FlutterMacOS
  - PromisesObjC (2.2.0)
  - ReachabilitySwift (5.0.0)
  - shared_preferences_foundation (0.0.1):
    - Flutter
    - FlutterMacOS
  - webview_flutter_wkwebview (0.0.1):
    - Flutter

DEPENDENCIES:
  - blue_thermal_printer (from `.symlinks/plugins/blue_thermal_printer/ios`)
  - connectivity_plus (from `.symlinks/plugins/connectivity_plus/ios`)
  - firebase_auth (from `.symlinks/plugins/firebase_auth/ios`)
  - firebase_core (from `.symlinks/plugins/firebase_core/ios`)
  - Flutter (from `Flutter`)
  - flutter_email_sender (from `.symlinks/plugins/flutter_email_sender/ios`)
  - google_sign_in_ios (from `.symlinks/plugins/google_sign_in_ios/ios`)
  - path_provider_foundation (from `.symlinks/plugins/path_provider_foundation/ios`)
  - shared_preferences_foundation (from `.symlinks/plugins/shared_preferences_foundation/ios`)
  - webview_flutter_wkwebview (from `.symlinks/plugins/webview_flutter_wkwebview/ios`)

SPEC REPOS:
  trunk:
    - AppAuth
    - Firebase
    - FirebaseAuth
    - FirebaseCore
    - FirebaseCoreInternal
    - GoogleSignIn
    - GoogleUtilities
    - GTMAppAuth
    - GTMSessionFetcher
    - PromisesObjC
    - ReachabilitySwift

EXTERNAL SOURCES:
  blue_thermal_printer:
    :path: ".symlinks/plugins/blue_thermal_printer/ios"
  connectivity_plus:
    :path: ".symlinks/plugins/connectivity_plus/ios"
  firebase_auth:
    :path: ".symlinks/plugins/firebase_auth/ios"
  firebase_core:
    :path: ".symlinks/plugins/firebase_core/ios"
  Flutter:
    :path: Flutter
  flutter_email_sender:
    :path: ".symlinks/plugins/flutter_email_sender/ios"
  google_sign_in_ios:
    :path: ".symlinks/plugins/google_sign_in_ios/ios"
  path_provider_foundation:
    :path: ".symlinks/plugins/path_provider_foundation/ios"
  shared_preferences_foundation:
    :path: ".symlinks/plugins/shared_preferences_foundation/ios"
  webview_flutter_wkwebview:
    :path: ".symlinks/plugins/webview_flutter_wkwebview/ios"

SPEC CHECKSUMS:
  AppAuth: 8fca6b5563a5baef2c04bee27538025e4ceb2add
  blue_thermal_printer: c83405103d2c17f8d67aaa43fcff94df5d616a66
  connectivity_plus: 413a8857dd5d9f1c399a39130850d02fe0feaf7e
  Firebase: f92fc551ead69c94168d36c2b26188263860acd9
  firebase_auth: e94093901bee37bdba241fd8647c1d3ea6f55c8b
  firebase_core: 1ae9f9aa76e6e1edc14fb181637ad466fd6c6fa4
  FirebaseAuth: 0e415d29d846c1dce2fb641e46f35e9888d9bec6
  FirebaseCore: 988754646ab3bd4bdcb740f1bfe26b9f6c0d5f2a
  FirebaseCoreInternal: c7cd505e2136811096b225ac388d6254a2622362
  Flutter: f04841e97a9d0b0a8025694d0796dd46242b2854
  flutter_email_sender: 02d7443217d8c41483223627972bfdc09f74276b
  google_sign_in_ios: 1256ff9d941db546373826966720b0c24804bcdd
  GoogleSignIn: 5651ce3a61e56ca864160e79b484cd9ed3f49b7a
  GoogleUtilities: c2bdc4cf2ce786c4d2e6b3bcfd599a25ca78f06f
  GTMAppAuth: 0ff230db599948a9ad7470ca667337803b3fc4dd
  GTMSessionFetcher: 3a63d75eecd6aa32c2fc79f578064e1214dfdec2
  path_provider_foundation: c68054786f1b4f3343858c1e1d0caaded73f0be9
  PromisesObjC: 09985d6d70fbe7878040aa746d78236e6946d2ef
  ReachabilitySwift: 985039c6f7b23a1da463388634119492ff86c825
  shared_preferences_foundation: 986fc17f3d3251412d18b0265f9c64113a8c2472
  webview_flutter_wkwebview: 2e2d318f21a5e036e2c3f26171342e95908bd60a

PODFILE CHECKSUM: 7368163408c647b7eb699d0d788ba6718e18fb8d

COCOAPODS: 1.11.3
